
Microsoft Visual Studio Solution File, Format Version 12.00
# Visual Studio Version 17
VisualStudioVersion = 17.0.31903.59
MinimumVisualStudioVersion = 10.0.40219.1
Project("{FAE04EC0-301F-11D3-BF4B-00C04F79EFBC}") = "API", "API\API.csproj", "{80E05F36-6276-4C69-AE80-F63CA8D87F1E}"
EndProject
Project("{FAE04EC0-301F-11D3-BF4B-00C04F79EFBC}") = "Core", "Core\Core.csproj", "{58511944-A630-49E7-B16B-021B268D3907}"
EndProject
Project("{FAE04EC0-301F-11D3-BF4B-00C04F79EFBC}") = "Infrastructure", "Infrastructure\Infrastructure.csproj", "{93FFEDF0-6106-45EC-BEB1-F9DAC14360A7}"
EndProject
Global
	GlobalSection(SolutionConfigurationPlatforms) = preSolution
		Debug|Any CPU = Debug|Any CPU
		Release|Any CPU = Release|Any CPU
	EndGlobalSection
	GlobalSection(SolutionProperties) = preSolution
		HideSolutionNode = FALSE
	EndGlobalSection
	GlobalSection(ProjectConfigurationPlatforms) = postSolution
		{80E05F36-6276-4C69-AE80-F63CA8D87F1E}.Debug|Any CPU.ActiveCfg = Debug|Any CPU
		{80E05F36-6276-4C69-AE80-F63CA8D87F1E}.Debug|Any CPU.Build.0 = Debug|Any CPU
		{80E05F36-6276-4C69-AE80-F63CA8D87F1E}.Release|Any CPU.ActiveCfg = Release|Any CPU
		{80E05F36-6276-4C69-AE80-F63CA8D87F1E}.Release|Any CPU.Build.0 = Release|Any CPU
		{58511944-A630-49E7-B16B-021B268D3907}.Debug|Any CPU.ActiveCfg = Debug|Any CPU
		{58511944-A630-49E7-B16B-021B268D3907}.Debug|Any CPU.Build.0 = Debug|Any CPU
		{58511944-A630-49E7-B16B-021B268D3907}.Release|Any CPU.ActiveCfg = Release|Any CPU
		{58511944-A630-49E7-B16B-021B268D3907}.Release|Any CPU.Build.0 = Release|Any CPU
		{93FFEDF0-6106-45EC-BEB1-F9DAC14360A7}.Debug|Any CPU.ActiveCfg = Debug|Any CPU
		{93FFEDF0-6106-45EC-BEB1-F9DAC14360A7}.Debug|Any CPU.Build.0 = Debug|Any CPU
		{93FFEDF0-6106-45EC-BEB1-F9DAC14360A7}.Release|Any CPU.ActiveCfg = Release|Any CPU
		{93FFEDF0-6106-45EC-BEB1-F9DAC14360A7}.Release|Any CPU.Build.0 = Release|Any CPU
	EndGlobalSection
EndGlobal
